
Microsoft Visual Studio Solution File, Format Version 12.00
# Visual Studio Version 16
VisualStudioVersion = 16.0.32802.440
MinimumVisualStudioVersion = 10.0.40219.1
Project("{FAE04EC0-301F-11D3-BF4B-00C04F79EFBC}") = "MobileShop_dd", "MobileShop_dd\MobileShop_dd.csproj", "{7E268116-3B0E-48EA-B4A4-1A7908682268}"
EndProject
Global
	GlobalSection(SolutionConfigurationPlatforms) = preSolution
		Debug|Any CPU = Debug|Any CPU
		Release|Any CPU = Release|Any CPU
	EndGlobalSection
	GlobalSection(ProjectConfigurationPlatforms) = postSolution
		{7E268116-3B0E-48EA-B4A4-1A7908682268}.Debug|Any CPU.ActiveCfg = Debug|Any CPU
		{7E268116-3B0E-48EA-B4A4-1A7908682268}.Debug|Any CPU.Build.0 = Debug|Any CPU
		{7E268116-3B0E-48EA-B4A4-1A7908682268}.Release|Any CPU.ActiveCfg = Release|Any CPU
		{7E268116-3B0E-48EA-B4A4-1A7908682268}.Release|Any CPU.Build.0 = Release|Any CPU
	EndGlobalSection
	GlobalSection(SolutionProperties) = preSolution
		HideSolutionNode = FALSE
	EndGlobalSection
	GlobalSection(ExtensibilityGlobals) = postSolution
		SolutionGuid = {1D75DB04-A855-47D1-9260-29063428A3E1}
	EndGlobalSection
EndGlobal
